
Microsoft Visual Studio Solution File, Format Version 12.00
# Visual Studio 15
VisualStudioVersion = 15.0.28010.2046
MinimumVisualStudioVersion = 10.0.40219.1
Project("{FAE04EC0-301F-11D3-BF4B-00C04F79EFBC}") = "HomeTownZooCore", "HomeTownZooCore\HomeTownZooCore.csproj", "{48EA269F-6CF0-4401-B3B1-73865F72E737}"
EndProject
Global
	GlobalSection(SolutionConfigurationPlatforms) = preSolution
		Debug|Any CPU = Debug|Any CPU
		Release|Any CPU = Release|Any CPU
	EndGlobalSection
	GlobalSection(ProjectConfigurationPlatforms) = postSolution
		{48EA269F-6CF0-4401-B3B1-73865F72E737}.Debug|Any CPU.ActiveCfg = Debug|Any CPU
		{48EA269F-6CF0-4401-B3B1-73865F72E737}.Debug|Any CPU.Build.0 = Debug|Any CPU
		{48EA269F-6CF0-4401-B3B1-73865F72E737}.Release|Any CPU.ActiveCfg = Release|Any CPU
		{48EA269F-6CF0-4401-B3B1-73865F72E737}.Release|Any CPU.Build.0 = Release|Any CPU
	EndGlobalSection
	GlobalSection(SolutionProperties) = preSolution
		HideSolutionNode = FALSE
	EndGlobalSection
	GlobalSection(ExtensibilityGlobals) = postSolution
		SolutionGuid = {3184123B-5C5E-46E8-AFD6-EE760F4C903B}
	EndGlobalSection
EndGlobal
